github.com/TheGrimmChester/open-http-go v0.0.0-20260804055231-a9462e336412 h1:UnUrc7y/28FUX+nBYTwbfmDJd+lUvsxbBLR5xN1S3SM=
github.com/TheGrimmChester/open-http-go v0.0.0-20260804055231-a9462e336412/go.mod h1:tlrbASpDDFqFkp2839DEkEzDjZ2mo4ZQiJ5AKGC05qo=
github.com/TheGrimmChester/open-job-go v0.0.0-20260803091535-04d163946627 h1:SoepdoVShSEjVKYiF5iWg7ZK8Hns+M2PDLr1u4DL/S8=
github.com/TheGrimmChester/open-job-go v0.0.0-20260803091535-04d163946627/go.mod h1:m8yuLHSqPqouN6DQGSx4vfGNsSxzkCfs1qvcJJh5NtU=
github.com/TheGrimmChester/open-logger-go v0.2.0 h1:WKEdDeLCKWrAA7muEnRlbXvg9BL0IZSJJO+tWj8Ydfg=
github.com/TheGrimmChester/open-logger-go v0.2.0/go.mod h1:Yyj/SD2lr1pbo+Uawlfa4JvSNiEheYx2T1xzrq9XYL8=
github.com/golang-jwt/jwt/v5 v5.3.1 h1:kYf81DTWFe7t+1VvL7eS+jKFVWaUnK9cB1qbwn63YCY=
github.com/golang-jwt/jwt/v5 v5.3.1/go.mod h1:fxCRLWMO43lRc8nhHWY6LGqRcf+1gQWArsqaEUEa5bE=
github.com/google/uuid v1.6.0 h1:NIvaJDMOsjHA8n1jAhLSgzrAzy1Hgr+hNrb57e+94F0=
github.com/google/uuid v1.6.0/go.mod h1:TIyPZe4MgqvfeYDBFedMoGGpEw/LqOeaOT+nhxU+yHo=
